
Microsoft Visual Studio Solution File, Format Version 12.00
# Visual Studio Version 16
VisualStudioVersion = 16.0.30503.244
MinimumVisualStudioVersion = 10.0.40219.1
Project("{9A19103F-16F7-4668-BE54-9A1E7A4F7556}") = "PrimeNumberService", "PrimeNumberService\PrimeNumberService.csproj", "{55B5645E-7879-45EA-A7FC-7AA5BA30C62C}"
EndProject
Global
	GlobalSection(SolutionConfigurationPlatforms) = preSolution
		Debug|Any CPU = Debug|Any CPU
		Release|Any CPU = Release|Any CPU
	EndGlobalSection
	GlobalSection(ProjectConfigurationPlatforms) = postSolution
		{55B5645E-7879-45EA-A7FC-7AA5BA30C62C}.Debug|Any CPU.ActiveCfg = Debug|Any CPU
		{55B5645E-7879-45EA-A7FC-7AA5BA30C62C}.Debug|Any CPU.Build.0 = Debug|Any CPU
		{55B5645E-7879-45EA-A7FC-7AA5BA30C62C}.Release|Any CPU.ActiveCfg = Release|Any CPU
		{55B5645E-7879-45EA-A7FC-7AA5BA30C62C}.Release|Any CPU.Build.0 = Release|Any CPU
	EndGlobalSection
	GlobalSection(SolutionProperties) = preSolution
		HideSolutionNode = FALSE
	EndGlobalSection
	GlobalSection(ExtensibilityGlobals) = postSolution
		SolutionGuid = {896E1C0B-91A5-488B-8BAE-33A010A5B77D}
	EndGlobalSection
EndGlobal
